%{"earmark": {:hex, :earmark, "1.1.0", "8c2bf85d725050a92042bc1edf362621004d43ca6241c756f39612084e95487f", [:mix], []},
  "ex_doc": {:hex, :ex_doc, "0.14.5", "c0433c8117e948404d93ca69411dd575ec6be39b47802e81ca8d91017a0cf83c", [:mix], [{:earmark, "~> 1.0", [hex: :earmark, optional: false]}]},
  "hamcrest": {:hex, :hamcrest, "0.1.2", "2f06fad05983ce98a7832c4a7a508aab935b68865fdf607d30a030c129ec1365", [], []},
  "meck": {:hex, :meck, "0.8.4", "59ca1cd971372aa223138efcf9b29475bde299e1953046a0c727184790ab1520", [], []},
  "protobuffs": {:hex, :protobuffs, "0.8.4", "d38ca5f7380d8477c274680273372011890f8d0037c0d7e7db5c0207b89a4e0b", [], [{:meck, "~> 0.8.4", [hex: :meck, optional: false]}]},
  "riak_pb": {:hex, :riak_pb, "2.1.4", "0de76c3b44a950dc9ffe50f45f7b55128bacce12170705c5e364af95b96a33cf", [], [{:hamcrest, "~> 0.1", [hex: :hamcrest, optional: false]}, {:protobuffs, "~> 0.8", [hex: :protobuffs, optional: false]}]},
  "riakc": {:hex, :riakc, "2.4.1", "5d2e191ac6597e1a4cfb5628bf78219d126c5ffa42dbb904af622136d8426a32", [], [{:riak_pb, "~> 2.1", [hex: :riak_pb, optional: false]}]}}
